
Microsoft Visual Studio Solution File, Format Version 12.00
# Visual Studio 15
VisualStudioVersion = 15.0.28010.2016
MinimumVisualStudioVersion = 10.0.40219.1
Project("{2150E333-8FDC-42A3-9474-1A3956D46DE8}") = "turtle", "turtle", "{5B2DD930-F4CB-4ECF-B5B0-179268CBD248}"
EndProject
Project("{888888A0-9F3D-457C-B088-3A5042F75D52}") = "1.7五角星的绘制", "五角星的绘制\1.7五角星的绘制.pyproj", "{24270C5A-C1AE-42FC-851E-13B703D8F4DE}"
EndProject
Project("{888888A0-9F3D-457C-B088-3A5042F75D52}") = "1.8太阳花的绘制", "1.8太阳花的绘制\1.8太阳花的绘制.pyproj", "{5EF591D0-37DB-431E-B8E7-1D4C91CFF140}"
EndProject
Project("{888888A0-9F3D-457C-B088-3A5042F75D52}") = "哆啦A梦", "哆啦A梦\哆啦A梦.pyproj", "{83038E5E-4DDD-49DE-9FBF-0C975B385EA4}"
EndProject
Project("{888888A0-9F3D-457C-B088-3A5042F75D52}") = "小猪佩奇", "小猪佩奇\小猪佩奇.pyproj", "{708AC033-5F69-4F6E-9351-AAD11C09113B}"
EndProject
Project("{2150E333-8FDC-42A3-9474-1A3956D46DE8}") = "第一章 程序设计基本方法", "第一章 程序设计基本方法", "{78EAF38D-DD52-495F-B8EA-026641F79F15}"
EndProject
Project("{888888A0-9F3D-457C-B088-3A5042F75D52}") = "1.1字符串拼接", "1.1字符串拼接\1.1字符串拼接.pyproj", "{CC0FC696-F0D0-401A-A32C-E347ACAAF886}"
EndProject
Project("{888888A0-9F3D-457C-B088-3A5042F75D52}") = "1.2整数序列求和", "1.2整数序列求和\1.2整数序列求和.pyproj", "{8E68D3DE-BCB4-42A6-96AC-1DCD0128675F}"
EndProject
Project("{888888A0-9F3D-457C-B088-3A5042F75D52}") = "1.3九九乘法表", "1.3九九乘法表\1.3九九乘法表.pyproj", "{947BA5DD-1535-4DC5-AC4A-B16EE180AF81}"
EndProject
Project("{888888A0-9F3D-457C-B088-3A5042F75D52}") = "1.4 计算1！+2！+n！的结果", "1.4 计算1！+2！+n！的结果\1.4 计算1！+2！+n！的结果.pyproj", "{1534D871-994E-479A-927F-0BB1F1C4E787}"
EndProject
Project("{2150E333-8FDC-42A3-9474-1A3956D46DE8}") = "第二章 python程序实例解析", "第二章 python程序实例解析", "{5EAE29FA-E7FE-4E45-A6EF-F746339244BB}"
EndProject
Project("{888888A0-9F3D-457C-B088-3A5042F75D52}") = "实例1：温度转换", "实例1：温度转换\实例1：温度转换.pyproj", "{ABD4D101-0242-4E53-8A36-D661DF8336E1}"
EndProject
Project("{888888A0-9F3D-457C-B088-3A5042F75D52}") = "实例2：python蟒蛇绘制", "实例2：python蟒蛇绘制\实例2：python蟒蛇绘制.pyproj", "{80068911-B48A-4021-98D0-62D6E0DAEF69}"
EndProject
Project("{2150E333-8FDC-42A3-9474-1A3956D46DE8}") = "数据类型及控制结构程序设计", "数据类型及控制结构程序设计", "{AB314667-B5BC-4175-A543-B24932C2E572}"
EndProject
Project("{888888A0-9F3D-457C-B088-3A5042F75D52}") = "计算1到100的值", "计算1到100的值\计算1到100的值.pyproj", "{AD79098A-A1F9-448F-B16C-46C184143DC3}"
EndProject
Project("{888888A0-9F3D-457C-B088-3A5042F75D52}") = "输出所有的水仙花数", "输出所有的水仙花数\输出所有的水仙花数.pyproj", "{49E9F1E2-BEA4-49D1-81EC-EA0B2CA485C1}"
EndProject
Project("{888888A0-9F3D-457C-B088-3A5042F75D52}") = "判断一个素是否素数", "判断一个素是否素数\判断一个素是否素数.pyproj", "{F641EB65-AAD9-413F-903D-C60FAB50EB84}"
EndProject
Project("{888888A0-9F3D-457C-B088-3A5042F75D52}") = "求平均值、方差、中位数", "求平均值、方差、中位数\求平均值、方差、中位数.pyproj", "{CD19D29C-1E3C-46CA-8186-55C75CCD0069}"
EndProject
Project("{888888A0-9F3D-457C-B088-3A5042F75D52}") = "蒙特卡罗方法求圆周率", "蒙特卡罗方法求圆周率\蒙特卡罗方法求圆周率.pyproj", "{F5940CFD-DD6F-4FDF-B4DC-A4CA9DED5AE1}"
EndProject
Project("{2150E333-8FDC-42A3-9474-1A3956D46DE8}") = "django", "django", "{75985EC8-D579-4D3A-BCE6-5ABEF7120BAD}"
EndProject
Project("{888888A0-9F3D-457C-B088-3A5042F75D52}") = "DjangoWebProject1", "DjangoWebProject1\DjangoWebProject1.pyproj", "{68497F3E-C85C-47A2-AE7E-D1E1C33A52AC}"
EndProject
Project("{888888A0-9F3D-457C-B088-3A5042F75D52}") = "蒙特卡罗算法", "蒙特卡罗算法\蒙特卡罗算法.pyproj", "{25C3827B-CE60-46CD-BD4D-AA5416CA5CB5}"
EndProject
Project("{888888A0-9F3D-457C-B088-3A5042F75D52}") = "括号配对检测 A", "括号配对检测 A\括号配对检测 A.pyproj", "{EAB1F53D-D3B0-46ED-B788-21DABF30C18E}"
EndProject
Project("{2150E333-8FDC-42A3-9474-1A3956D46DE8}") = "requests", "requests", "{01F48D4E-9CF7-482C-BB9D-7B45689F5F03}"
EndProject
Project("{888888A0-9F3D-457C-B088-3A5042F75D52}") = "爬取网页的通用代码框架", "爬取网页的通用代码框架\爬取网页的通用代码框架.pyproj", "{4D1A376C-FF7C-4A22-8E1B-FFEC4E31D052}"
EndProject
Project("{2150E333-8FDC-42A3-9474-1A3956D46DE8}") = "flask", "flask", "{4ACB43F5-B90D-4C1E-A09F-133005947BF9}"
EndProject
Project("{888888A0-9F3D-457C-B088-3A5042F75D52}") = "FlaskWebProject1", "FlaskWebProject1\FlaskWebProject1.pyproj", "{FD8D51EC-CD0E-40D6-A43C-80A30B3ADEF8}"
EndProject
Project("{2150E333-8FDC-42A3-9474-1A3956D46DE8}") = "decimal", "decimal", "{B039E721-2E78-4028-81CA-0B1A928C9F9A}"
EndProject
Project("{888888A0-9F3D-457C-B088-3A5042F75D52}") = "高精度浮点运算类型", "高精度浮点运算类型\高精度浮点运算类型.pyproj", "{3D311A4A-EC09-4B0E-8455-D78C3D95D4CA}"
EndProject
Project("{2150E333-8FDC-42A3-9474-1A3956D46DE8}") = "第三章 基本数据类型", "第三章 基本数据类型", "{38BCCAE6-27A8-4857-BBE0-649BC4693388}"
EndProject
Project("{888888A0-9F3D-457C-B088-3A5042F75D52}") = "实例3：天天向上的力量", "实例3：天天向上的力量\实例3：天天向上的力量.pyproj", "{ACD3A4F5-EA43-4A68-B982-4B27E65BEB42}"
EndProject
Project("{888888A0-9F3D-457C-B088-3A5042F75D52}") = "鸡兔同笼", "鸡兔同笼\鸡兔同笼.pyproj", "{29AB14DC-86C4-40E2-AEE6-A93DA0B78566}"
EndProject
Project("{888888A0-9F3D-457C-B088-3A5042F75D52}") = "九九乘法表", "九九乘法表\九九乘法表.pyproj", "{5711F2C4-F4AB-4BDD-8B71-333D4C5648D7}"
EndProject
Project("{888888A0-9F3D-457C-B088-3A5042F75D52}") = "微实例3.1 获取星期字符串", "微实例3.1 获取星期字符串\微实例3.1 获取星期字符串.pyproj", "{FA415B34-6CE1-45C6-A0E6-34E9F04E0A87}"
EndProject
Project("{888888A0-9F3D-457C-B088-3A5042F75D52}") = "微实例3.2 凯撒密码", "微实例3.2 凯撒密码\微实例3.2 凯撒密码.pyproj", "{6673B9FD-D84F-4DB9-97CA-1A0757DA02BE}"
EndProject
Project("{2150E333-8FDC-42A3-9474-1A3956D46DE8}") = "自由案例", "自由案例", "{7E22C5F2-691C-430F-9AB9-63235218A521}"
EndProject
Project("{888888A0-9F3D-457C-B088-3A5042F75D52}") = "世界运动校园跑", "世界运动校园跑\世界运动校园跑.pyproj", "{2F8DE99F-3F4D-4F79-BBDF-C79099F107DB}"
EndProject
Project("{888888A0-9F3D-457C-B088-3A5042F75D52}") = "日期时间换算", "日期时间换算\日期时间换算.pyproj", "{69B26A49-36F4-4610-8324-423F59CC9C6D}"
EndProject
Project("{888888A0-9F3D-457C-B088-3A5042F75D52}") = "实例4 文本进度条", "实例4 文本进度条\实例4 文本进度条.pyproj", "{23B205F5-4D78-44AF-B33B-0E1A80974A2C}"
EndProject
Project("{888888A0-9F3D-457C-B088-3A5042F75D52}") = "百度360搜索关键词提交", "百度360搜索关键词提交\百度360搜索关键词提交.pyproj", "{C74FA0EB-7814-4BD8-8D3F-D64FC83444D3}"
EndProject
Project("{888888A0-9F3D-457C-B088-3A5042F75D52}") = "图片爬取全代码", "图片爬取全代码\图片爬取全代码.pyproj", "{F8B9E452-9EA8-40C5-B84D-727B611C030B}"
EndProject
Project("{888888A0-9F3D-457C-B088-3A5042F75D52}") = "3.7 文本风格", "3.7 文本风格\3.7 文本风格.pyproj", "{8131B5BC-7E2D-48AB-A3FB-48DD99904D34}"
EndProject
Project("{888888A0-9F3D-457C-B088-3A5042F75D52}") = "3.8 小巧而精致的第三方进度条工具库 tqdm", "3.8 小巧而精致的第三方进度条工具库 tqdm\3.8 小巧而精致的第三方进度条工具库 tqdm.pyproj", "{958D8E4D-DE47-4E68-B9FC-2F43CF7B42AA}"
EndProject
Project("{2150E333-8FDC-42A3-9474-1A3956D46DE8}") = "第四章 程序的控制结构", "第四章 程序的控制结构", "{5C8BCF76-51CC-4E31-A16D-D2F045A7BEC6}"
EndProject
Project("{888888A0-9F3D-457C-B088-3A5042F75D52}") = "ip地址的归属地查询", "ip地址的归属地查询\ip地址的归属地查询.pyproj", "{5F35F144-0CB6-4FCB-8D9F-ECEE67F9FFFE}"
EndProject
Project("{888888A0-9F3D-457C-B088-3A5042F75D52}") = "微实例4.1 圆面积和周长的计算", "微实例4.1 圆面积和周长的计算\微实例4.1 圆面积和周长的计算.pyproj", "{D77BD719-A06D-4B7C-A530-F83AF9C084D8}"
EndProject
Project("{888888A0-9F3D-457C-B088-3A5042F75D52}") = "微实例4.2 实数绝对值的计算", "微实例4.2 实数绝对值的计算\微实例4.2 实数绝对值的计算.pyproj", "{981F7F41-5149-4EAF-8FB0-D8972A1C9FCA}"
EndProject
Project("{888888A0-9F3D-457C-B088-3A5042F75D52}") = "微实例4.3 整数累加", "微实例4.3 整数累加\微实例4.3 整数累加.pyproj", "{FC61F0B8-BDDF-4714-A75C-B3571D8C9D92}"
EndProject
Project("{888888A0-9F3D-457C-B088-3A5042F75D52}") = "微实例4.4 PM2.5空气质量提醒", "微实例4.4 PM2.5空气质量提醒\微实例4.4 PM2.5空气质量提醒.pyproj", "{BCC026BC-F5FE-4C92-92E8-ABE4A349FA7F}"
EndProject
Project("{888888A0-9F3D-457C-B088-3A5042F75D52}") = "实例5 身体质量指数BMI", "实例5 身体质量指数BMI\实例5 身体质量指数BMI.pyproj", "{10B7F71C-20D3-4FD4-91C4-37C332EC4410}"
EndProject
Project("{2150E333-8FDC-42A3-9474-1A3956D46DE8}") = "第五章 函数和代码复用", "第五章 函数和代码复用", "{23F59BD4-DE06-4C70-A8F3-6165F9D3741E}"
EndProject
Project("{2150E333-8FDC-42A3-9474-1A3956D46DE8}") = "Beautiful Soup", "Beautiful Soup", "{417DCCF4-78A7-48DE-8672-BE21EF238236}"
EndProject
Project("{888888A0-9F3D-457C-B088-3A5042F75D52}") = "bs4的内容遍历", "bs4的内容遍历\bs4的内容遍历.pyproj", "{038C6D9E-C789-4E6F-9FA3-444B36BCAF2A}"
EndProject
Project("{888888A0-9F3D-457C-B088-3A5042F75D52}") = "bs4的HTML格式输出", "bs4的HTML格式输出\bs4的HTML格式输出.pyproj", "{2FFCD0DA-4800-41FB-9881-8273DE37AA87}"
EndProject
Project("{888888A0-9F3D-457C-B088-3A5042F75D52}") = "lambda 关键词（匿名函数）", "lambda 关键词（匿名函数）\lambda 关键词（匿名函数）.pyproj", "{5C1A572D-CAE0-4F1D-AA3C-A0DF33407184}"
EndProject
Project("{2150E333-8FDC-42A3-9474-1A3956D46DE8}") = "datetime", "datetime", "{0F4DB764-0D2C-49B1-9BC6-C5CCD5A681D9}"
EndProject
Project("{888888A0-9F3D-457C-B088-3A5042F75D52}") = "datetime常用方法", "datetime常用方法\datetime常用方法.pyproj", "{DFE9DC18-9418-4C5D-8AEF-7DFFD9EE6535}"
EndProject
Project("{888888A0-9F3D-457C-B088-3A5042F75D52}") = "实例6 pi的计算", "实例6 pi的计算\实例6 pi的计算.pyproj", "{5FF47879-265A-423F-BB66-DAD58A3CF5D4}"
EndProject
Project("{888888A0-9F3D-457C-B088-3A5042F75D52}") = "实例7 七段数码管绘制", "实例7 七段数码管绘制\实例7 七段数码管绘制.pyproj", "{C28515DA-AC89-453E-8990-A3AAB9F03D91}"
EndProject
Project("{888888A0-9F3D-457C-B088-3A5042F75D52}") = "实例8 科赫曲线绘制", "实例8 科赫曲线绘制\实例8 科赫曲线绘制.pyproj", "{9A46DA8F-2B7D-4E4F-A7B6-40B3FAF4168A}"
EndProject
Project("{2150E333-8FDC-42A3-9474-1A3956D46DE8}") = "第六章 组合数据类型", "第六章 组合数据类型", "{3777C287-09DC-4D50-A57A-8B93AF88C489}"
EndProject
Project("{888888A0-9F3D-457C-B088-3A5042F75D52}") = "实例9 基本统计值计算", "实例9 基本统计值计算\实例9 基本统计值计算.pyproj", "{39A96A4C-E2ED-4F96-B46C-FFD246881228}"
EndProject
Project("{2150E333-8FDC-42A3-9474-1A3956D46DE8}") = "函数", "函数", "{C411FB7F-3A39-423C-AC0C-83D8143FEEAF}"
EndProject
Project("{888888A0-9F3D-457C-B088-3A5042F75D52}") = "质数判断", "质数判断\质数判断.pyproj", "{943BA7D9-0A56-4940-98F4-2EF011FF3CA1}"
EndProject
Project("{888888A0-9F3D-457C-B088-3A5042F75D52}") = "计算三维空间某点距离原点的欧式距离", "计算三维空间某点距离原点的欧式距离\计算三维空间某点距离原点的欧式距离.pyproj", "{AFC9DCAF-287D-4311-9392-B24EFD8411E1}"
EndProject
Project("{888888A0-9F3D-457C-B088-3A5042F75D52}") = "跳台阶", "跳台阶\跳台阶.pyproj", "{A8A23559-DA4C-4AE3-AE64-CAFCE761D65F}"
EndProject
Project("{2150E333-8FDC-42A3-9474-1A3956D46DE8}") = "GUI编程", "GUI编程", "{350C6B30-0946-46DE-B29E-D62E6BF8DAE8}"
EndProject
Project("{888888A0-9F3D-457C-B088-3A5042F75D52}") = "第一个GUI编程", "第一个GUI编程\第一个GUI编程.pyproj", "{967FE52E-9FD6-4BA3-AD4D-4A90996B5EEC}"
EndProject
Project("{2150E333-8FDC-42A3-9474-1A3956D46DE8}") = "MySQL(mysql-connector)", "MySQL(mysql-connector)", "{570BBE73-515F-40B1-A8F0-D5B78DA66C66}"
EndProject
Project("{888888A0-9F3D-457C-B088-3A5042F75D52}") = "创建数据库", "创建数据库\创建数据库.pyproj", "{C2B39EC7-CFF0-433E-8CA2-2E7D4A90A35F}"
EndProject
Project("{888888A0-9F3D-457C-B088-3A5042F75D52}") = "青蛙跳台阶（三种解法）", "青蛙跳台阶（三种解法）\青蛙跳台阶（三种解法）.pyproj", "{A54CCE90-B33A-4D35-B693-5A57CD9C2B1D}"
EndProject
Project("{2150E333-8FDC-42A3-9474-1A3956D46DE8}") = "实例10 文本词频统计", "实例10 文本词频统计", "{950E55FF-262D-41D8-9DE1-2DE2EA88F853}"
EndProject
Project("{888888A0-9F3D-457C-B088-3A5042F75D52}") = "hamlet 英文词频统计", "hamlet 英文词频统计\hamlet 英文词频统计.pyproj", "{25E12EF5-66A9-4BC9-92E9-D99F0C54CCDB}"
EndProject
Project("{888888A0-9F3D-457C-B088-3A5042F75D52}") = "三国演义 人物出场统计", "三国演义 人物出场统计\三国演义 人物出场统计.pyproj", "{EEACAA10-1C96-4CB4-B5AA-11DF171E347E}"
EndProject
Project("{2150E333-8FDC-42A3-9474-1A3956D46DE8}") = "第七章 文件和数据格式化", "第七章 文件和数据格式化", "{03BB36ED-C743-4AC4-978D-2C3837123035}"
EndProject
Project("{888888A0-9F3D-457C-B088-3A5042F75D52}") = "微实例7.4 GIF文件图像提取", "微实例7.4 GIF文件图像提取\微实例7.4 GIF文件图像提取.pyproj", "{B304714D-DDD4-4E26-ABE8-B031A0427BA2}"
EndProject
Project("{888888A0-9F3D-457C-B088-3A5042F75D52}") = "微实例7.5 图像的颜色交换", "微实例7.5 图像的颜色交换\微实例7.5 图像的颜色交换.pyproj", "{BCCD896C-7582-436A-B861-534DCDF968DC}"
EndProject
Project("{888888A0-9F3D-457C-B088-3A5042F75D52}") = "微实例7.6 图像的轮廓获取", "微实例7.6 图像的轮廓获取\微实例7.6 图像的轮廓获取.pyproj", "{BF6B3A23-422B-4F63-8A9A-A19FD42C95F3}"
EndProject
Project("{888888A0-9F3D-457C-B088-3A5042F75D52}") = "微实例7.7 图像的对比度增强", "微实例7.7 图像的对比度增强\微实例7.7 图像的对比度增强.pyproj", "{560059A0-18A0-40CC-AAE7-08FC1112D41F}"
EndProject
Project("{888888A0-9F3D-457C-B088-3A5042F75D52}") = "实例12 图像的字符画绘制", "实例12 图像的字符画绘制\实例12 图像的字符画绘制.pyproj", "{A0BC4985-6ACC-4EC4-A739-FF059A9BF6EC}"
EndProject
Project("{888888A0-9F3D-457C-B088-3A5042F75D52}") = "微实例7.8 导入CSV格式数据到列表", "微实例7.8 导入CSV格式数据到列表\微实例7.8 导入CSV格式数据到列表.pyproj", "{71DAE502-9C10-4B45-8848-6A3CF554B720}"
EndProject
Project("{888888A0-9F3D-457C-B088-3A5042F75D52}") = "微实例7.10 二维数据写入CSV文件", "微实例7.10 二维数据写入CSV文件\微实例7.10 二维数据写入CSV文件.pyproj", "{4BBA66DF-1140-44D5-ACE3-34ACEABA166B}"
EndProject
Project("{888888A0-9F3D-457C-B088-3A5042F75D52}") = "实例13 CSV格式的HTML展示", "实例13 CSV格式的HTML展示\实例13 CSV格式的HTML展示.pyproj", "{17EEF286-D816-4026-9F24-5A58EFEAD2E5}"
EndProject
Project("{2150E333-8FDC-42A3-9474-1A3956D46DE8}") = "组合数据类型", "组合数据类型", "{A12830B3-2159-40B1-BFA4-4BF80EB00B17}"
EndProject
Project("{888888A0-9F3D-457C-B088-3A5042F75D52}") = "重复元素判定 A", "重复元素判定 A\重复元素判定 A.pyproj", "{908A0466-FBC0-4A4A-BCC8-2FADC4D276C0}"
EndProject
Project("{888888A0-9F3D-457C-B088-3A5042F75D52}") = "列表元素的积", "列表元素的积\列表元素的积.pyproj", "{ABC227CC-29C2-4F4D-AB12-93A903A457A5}"
EndProject
Project("{888888A0-9F3D-457C-B088-3A5042F75D52}") = "念数字", "念数字\念数字.pyproj", "{8FAD8E4D-CEA4-46E9-8623-AA973F7BB732}"
EndProject
Project("{888888A0-9F3D-457C-B088-3A5042F75D52}") = "九宫格输入", "九宫格输入\九宫格输入.pyproj", "{81EAF766-AE6E-4BA3-991E-9B8EDE3F9557}"
EndProject
Project("{2150E333-8FDC-42A3-9474-1A3956D46DE8}") = "第八章 程序设计方法论", "第八章 程序设计方法论", "{03DC0473-DE27-496F-96A5-1AB777010618}"
EndProject
Project("{888888A0-9F3D-457C-B088-3A5042F75D52}") = "实例16 pip安装脚本", "实例16 pip安装脚本\实例16 pip安装脚本.pyproj", "{5C149A3C-915F-4B16-91D3-6D69E6F4B004}"
EndProject
Project("{2150E333-8FDC-42A3-9474-1A3956D46DE8}") = "第九章 科学计算和可视化", "第九章 科学计算和可视化", "{9A842B25-B61B-4172-A0F1-9C06B4978EE8}"
EndProject
Project("{888888A0-9F3D-457C-B088-3A5042F75D52}") = "微实例17.1 图像手绘效果", "微实例17.1 图像手绘效果\微实例17.1 图像手绘效果.pyproj", "{D07D2D2D-FCC7-489E-B833-6F4E7AA5F076}"
EndProject
Project("{888888A0-9F3D-457C-B088-3A5042F75D52}") = "微实例19.1 绘制基本的三角函数", "微实例19.1 绘制基本的三角函数\微实例19.1 绘制基本的三角函数.pyproj", "{8651A127-94C9-44F3-8C07-5E27D7B12536}"
EndProject
Project("{2150E333-8FDC-42A3-9474-1A3956D46DE8}") = "yagmail", "yagmail", "{4053E98D-5E1C-4CBB-98BC-945EA6D9CA6C}"
EndProject
Project("{888888A0-9F3D-457C-B088-3A5042F75D52}") = "简单写邮件", "简单写邮件\简单写邮件.pyproj", "{DD7BD345-26FD-4F69-9CA3-8B3ED5BB163D}"
EndProject
Project("{888888A0-9F3D-457C-B088-3A5042F75D52}") = "微实例19.2 带标签的坐标系", "微实例2 带标签的坐标系\微实例19.2 带标签的坐标系.pyproj", "{ACA405DB-9C6E-4875-8DBD-6DEA83ECDD2E}"
EndProject
Project("{888888A0-9F3D-457C-B088-3A5042F75D52}") = "实例18 科学坐标图绘制", "实例18 科学坐标图绘制\实例18 科学坐标图绘制.pyproj", "{36752544-AF73-4EC4-9BD7-3CF1F69C7B08}"
EndProject
Project("{888888A0-9F3D-457C-B088-3A5042F75D52}") = "实例19 多级雷达图绘制", "实例19 多级雷达图绘制\实例19 多级雷达图绘制.pyproj", "{D26F5AB4-B72D-4342-89ED-70BFB0ACF8A3}"
EndProject
Project("{2150E333-8FDC-42A3-9474-1A3956D46DE8}") = "程序设计基本方法", "程序设计基本方法", "{F1070866-551C-4306-BD7D-714D05122599}"
EndProject
Project("{888888A0-9F3D-457C-B088-3A5042F75D52}") = "Hello World I", "Hello World I\Hello World I.pyproj", "{24EA6C80-C07C-42B3-AFC8-57C3D156A89C}"
EndProject
Project("{888888A0-9F3D-457C-B088-3A5042F75D52}") = "M与N的数学运算", "M与N的数学运算\M与N的数学运算.pyproj", "{75ED86EB-8C13-4EF5-8A7A-69E7A027148E}"
EndProject
Project("{888888A0-9F3D-457C-B088-3A5042F75D52}") = "说句心里话 E", "说句心里话 E\说句心里话 E.pyproj", "{A0DE2BAF-852E-4EA9-ABAF-F9AD2F83ADCF}"
EndProject
Project("{888888A0-9F3D-457C-B088-3A5042F75D52}") = "实例19.2 霍兰德人格雷达图", "实例19.2 霍兰德人格雷达图\实例19.2 霍兰德人格雷达图.pyproj", "{95216DF8-2071-4B59-8755-D447E2CF8F05}"
EndProject
Project("{2150E333-8FDC-42A3-9474-1A3956D46DE8}") = "数字类型", "数字类型", "{7547AFBD-1C4F-44A8-8FE9-158D72BD0B6E}"
EndProject
Project("{888888A0-9F3D-457C-B088-3A5042F75D52}") = "同符号数学运算", "同符号数学运算\同符号数学运算.pyproj", "{6C1CCD69-B6CF-41F2-A663-A4B72B995594}"
EndProject
Project("{888888A0-9F3D-457C-B088-3A5042F75D52}") = "天天向上的力量 III", "天天向上的力量 III\天天向上的力量 III.pyproj", "{8451DFB8-8D2D-4E07-8B56-80B17A5AB5C4}"
EndProject
Project("{2150E333-8FDC-42A3-9474-1A3956D46DE8}") = "字符串类型", "字符串类型", "{4AB956E4-00AD-412A-952F-B5EB89766F7B}"
EndProject
Project("{888888A0-9F3D-457C-B088-3A5042F75D52}") = "字符串垂直输出", "字符串垂直输出\字符串垂直输出.pyproj", "{22B9A35F-5C6E-4D52-84B6-FC1EA7DA2AAF}"
EndProject
Project("{888888A0-9F3D-457C-B088-3A5042F75D52}") = "恺撒密码 B", "恺撒密码 B\恺撒密码 B.pyproj", "{4F8BCA1F-A655-4F38-8784-C70F9CFB34F2}"
EndProject
Global
	GlobalSection(SolutionConfigurationPlatforms) = preSolution
		Debug|Any CPU = Debug|Any CPU
		Release|Any CPU = Release|Any CPU
	EndGlobalSection
	GlobalSection(ProjectConfigurationPlatforms) = postSolution
		{24270C5A-C1AE-42FC-851E-13B703D8F4DE}.Debug|Any CPU.ActiveCfg = Debug|Any CPU
		{24270C5A-C1AE-42FC-851E-13B703D8F4DE}.Release|Any CPU.ActiveCfg = Release|Any CPU
		{5EF591D0-37DB-431E-B8E7-1D4C91CFF140}.Debug|Any CPU.ActiveCfg = Debug|Any CPU
		{5EF591D0-37DB-431E-B8E7-1D4C91CFF140}.Release|Any CPU.ActiveCfg = Release|Any CPU
		{83038E5E-4DDD-49DE-9FBF-0C975B385EA4}.Debug|Any CPU.ActiveCfg = Debug|Any CPU
		{83038E5E-4DDD-49DE-9FBF-0C975B385EA4}.Release|Any CPU.ActiveCfg = Release|Any CPU
		{708AC033-5F69-4F6E-9351-AAD11C09113B}.Debug|Any CPU.ActiveCfg = Debug|Any CPU
		{708AC033-5F69-4F6E-9351-AAD11C09113B}.Release|Any CPU.ActiveCfg = Release|Any CPU
		{CC0FC696-F0D0-401A-A32C-E347ACAAF886}.Debug|Any CPU.ActiveCfg = Debug|Any CPU
		{CC0FC696-F0D0-401A-A32C-E347ACAAF886}.Release|Any CPU.ActiveCfg = Release|Any CPU
		{8E68D3DE-BCB4-42A6-96AC-1DCD0128675F}.Debug|Any CPU.ActiveCfg = Debug|Any CPU
		{8E68D3DE-BCB4-42A6-96AC-1DCD0128675F}.Release|Any CPU.ActiveCfg = Release|Any CPU
		{947BA5DD-1535-4DC5-AC4A-B16EE180AF81}.Debug|Any CPU.ActiveCfg = Debug|Any CPU
		{947BA5DD-1535-4DC5-AC4A-B16EE180AF81}.Release|Any CPU.ActiveCfg = Release|Any CPU
		{1534D871-994E-479A-927F-0BB1F1C4E787}.Debug|Any CPU.ActiveCfg = Debug|Any CPU
		{1534D871-994E-479A-927F-0BB1F1C4E787}.Release|Any CPU.ActiveCfg = Release|Any CPU
		{ABD4D101-0242-4E53-8A36-D661DF8336E1}.Debug|Any CPU.ActiveCfg = Debug|Any CPU
		{ABD4D101-0242-4E53-8A36-D661DF8336E1}.Release|Any CPU.ActiveCfg = Release|Any CPU
		{80068911-B48A-4021-98D0-62D6E0DAEF69}.Debug|Any CPU.ActiveCfg = Debug|Any CPU
		{80068911-B48A-4021-98D0-62D6E0DAEF69}.Release|Any CPU.ActiveCfg = Release|Any CPU
		{AD79098A-A1F9-448F-B16C-46C184143DC3}.Debug|Any CPU.ActiveCfg = Debug|Any CPU
		{AD79098A-A1F9-448F-B16C-46C184143DC3}.Release|Any CPU.ActiveCfg = Release|Any CPU
		{49E9F1E2-BEA4-49D1-81EC-EA0B2CA485C1}.Debug|Any CPU.ActiveCfg = Debug|Any CPU
		{49E9F1E2-BEA4-49D1-81EC-EA0B2CA485C1}.Release|Any CPU.ActiveCfg = Release|Any CPU
		{F641EB65-AAD9-413F-903D-C60FAB50EB84}.Debug|Any CPU.ActiveCfg = Debug|Any CPU
		{F641EB65-AAD9-413F-903D-C60FAB50EB84}.Release|Any CPU.ActiveCfg = Release|Any CPU
		{CD19D29C-1E3C-46CA-8186-55C75CCD0069}.Debug|Any CPU.ActiveCfg = Debug|Any CPU
		{CD19D29C-1E3C-46CA-8186-55C75CCD0069}.Release|Any CPU.ActiveCfg = Release|Any CPU
		{F5940CFD-DD6F-4FDF-B4DC-A4CA9DED5AE1}.Debug|Any CPU.ActiveCfg = Debug|Any CPU
		{F5940CFD-DD6F-4FDF-B4DC-A4CA9DED5AE1}.Release|Any CPU.ActiveCfg = Release|Any CPU
		{68497F3E-C85C-47A2-AE7E-D1E1C33A52AC}.Debug|Any CPU.ActiveCfg = Debug|Any CPU
		{68497F3E-C85C-47A2-AE7E-D1E1C33A52AC}.Debug|Any CPU.Build.0 = Debug|Any CPU
		{68497F3E-C85C-47A2-AE7E-D1E1C33A52AC}.Release|Any CPU.ActiveCfg = Release|Any CPU
		{68497F3E-C85C-47A2-AE7E-D1E1C33A52AC}.Release|Any CPU.Build.0 = Release|Any CPU
		{25C3827B-CE60-46CD-BD4D-AA5416CA5CB5}.Debug|Any CPU.ActiveCfg = Debug|Any CPU
		{25C3827B-CE60-46CD-BD4D-AA5416CA5CB5}.Release|Any CPU.ActiveCfg = Release|Any CPU
		{EAB1F53D-D3B0-46ED-B788-21DABF30C18E}.Debug|Any CPU.ActiveCfg = Debug|Any CPU
		{EAB1F53D-D3B0-46ED-B788-21DABF30C18E}.Release|Any CPU.ActiveCfg = Release|Any CPU
		{4D1A376C-FF7C-4A22-8E1B-FFEC4E31D052}.Debug|Any CPU.ActiveCfg = Debug|Any CPU
		{4D1A376C-FF7C-4A22-8E1B-FFEC4E31D052}.Release|Any CPU.ActiveCfg = Release|Any CPU
		{FD8D51EC-CD0E-40D6-A43C-80A30B3ADEF8}.Debug|Any CPU.ActiveCfg = Debug|Any CPU
		{FD8D51EC-CD0E-40D6-A43C-80A30B3ADEF8}.Debug|Any CPU.Build.0 = Debug|Any CPU
		{FD8D51EC-CD0E-40D6-A43C-80A30B3ADEF8}.Release|Any CPU.ActiveCfg = Release|Any CPU
		{FD8D51EC-CD0E-40D6-A43C-80A30B3ADEF8}.Release|Any CPU.Build.0 = Release|Any CPU
		{3D311A4A-EC09-4B0E-8455-D78C3D95D4CA}.Debug|Any CPU.ActiveCfg = Debug|Any CPU
		{3D311A4A-EC09-4B0E-8455-D78C3D95D4CA}.Release|Any CPU.ActiveCfg = Release|Any CPU
		{ACD3A4F5-EA43-4A68-B982-4B27E65BEB42}.Debug|Any CPU.ActiveCfg = Debug|Any CPU
		{ACD3A4F5-EA43-4A68-B982-4B27E65BEB42}.Release|Any CPU.ActiveCfg = Release|Any CPU
		{29AB14DC-86C4-40E2-AEE6-A93DA0B78566}.Debug|Any CPU.ActiveCfg = Debug|Any CPU
		{29AB14DC-86C4-40E2-AEE6-A93DA0B78566}.Release|Any CPU.ActiveCfg = Release|Any CPU
		{5711F2C4-F4AB-4BDD-8B71-333D4C5648D7}.Debug|Any CPU.ActiveCfg = Debug|Any CPU
		{5711F2C4-F4AB-4BDD-8B71-333D4C5648D7}.Release|Any CPU.ActiveCfg = Release|Any CPU
		{FA415B34-6CE1-45C6-A0E6-34E9F04E0A87}.Debug|Any CPU.ActiveCfg = Debug|Any CPU
		{FA415B34-6CE1-45C6-A0E6-34E9F04E0A87}.Release|Any CPU.ActiveCfg = Release|Any CPU
		{6673B9FD-D84F-4DB9-97CA-1A0757DA02BE}.Debug|Any CPU.ActiveCfg = Debug|Any CPU
		{6673B9FD-D84F-4DB9-97CA-1A0757DA02BE}.Release|Any CPU.ActiveCfg = Release|Any CPU
		{2F8DE99F-3F4D-4F79-BBDF-C79099F107DB}.Debug|Any CPU.ActiveCfg = Debug|Any CPU
		{2F8DE99F-3F4D-4F79-BBDF-C79099F107DB}.Release|Any CPU.ActiveCfg = Release|Any CPU
		{69B26A49-36F4-4610-8324-423F59CC9C6D}.Debug|Any CPU.ActiveCfg = Debug|Any CPU
		{69B26A49-36F4-4610-8324-423F59CC9C6D}.Release|Any CPU.ActiveCfg = Release|Any CPU
		{23B205F5-4D78-44AF-B33B-0E1A80974A2C}.Debug|Any CPU.ActiveCfg = Debug|Any CPU
		{23B205F5-4D78-44AF-B33B-0E1A80974A2C}.Release|Any CPU.ActiveCfg = Release|Any CPU
		{C74FA0EB-7814-4BD8-8D3F-D64FC83444D3}.Debug|Any CPU.ActiveCfg = Debug|Any CPU
		{C74FA0EB-7814-4BD8-8D3F-D64FC83444D3}.Release|Any CPU.ActiveCfg = Release|Any CPU
		{F8B9E452-9EA8-40C5-B84D-727B611C030B}.Debug|Any CPU.ActiveCfg = Debug|Any CPU
		{F8B9E452-9EA8-40C5-B84D-727B611C030B}.Release|Any CPU.ActiveCfg = Release|Any CPU
		{8131B5BC-7E2D-48AB-A3FB-48DD99904D34}.Debug|Any CPU.ActiveCfg = Debug|Any CPU
		{8131B5BC-7E2D-48AB-A3FB-48DD99904D34}.Release|Any CPU.ActiveCfg = Release|Any CPU
		{958D8E4D-DE47-4E68-B9FC-2F43CF7B42AA}.Debug|Any CPU.ActiveCfg = Debug|Any CPU
		{958D8E4D-DE47-4E68-B9FC-2F43CF7B42AA}.Release|Any CPU.ActiveCfg = Release|Any CPU
		{5F35F144-0CB6-4FCB-8D9F-ECEE67F9FFFE}.Debug|Any CPU.ActiveCfg = Debug|Any CPU
		{5F35F144-0CB6-4FCB-8D9F-ECEE67F9FFFE}.Release|Any CPU.ActiveCfg = Release|Any CPU
		{D77BD719-A06D-4B7C-A530-F83AF9C084D8}.Debug|Any CPU.ActiveCfg = Debug|Any CPU
		{D77BD719-A06D-4B7C-A530-F83AF9C084D8}.Release|Any CPU.ActiveCfg = Release|Any CPU
		{981F7F41-5149-4EAF-8FB0-D8972A1C9FCA}.Debug|Any CPU.ActiveCfg = Debug|Any CPU
		{981F7F41-5149-4EAF-8FB0-D8972A1C9FCA}.Release|Any CPU.ActiveCfg = Release|Any CPU
		{FC61F0B8-BDDF-4714-A75C-B3571D8C9D92}.Debug|Any CPU.ActiveCfg = Debug|Any CPU
		{FC61F0B8-BDDF-4714-A75C-B3571D8C9D92}.Release|Any CPU.ActiveCfg = Release|Any CPU
		{BCC026BC-F5FE-4C92-92E8-ABE4A349FA7F}.Debug|Any CPU.ActiveCfg = Debug|Any CPU
		{BCC026BC-F5FE-4C92-92E8-ABE4A349FA7F}.Release|Any CPU.ActiveCfg = Release|Any CPU
		{10B7F71C-20D3-4FD4-91C4-37C332EC4410}.Debug|Any CPU.ActiveCfg = Debug|Any CPU
		{10B7F71C-20D3-4FD4-91C4-37C332EC4410}.Release|Any CPU.ActiveCfg = Release|Any CPU
		{038C6D9E-C789-4E6F-9FA3-444B36BCAF2A}.Debug|Any CPU.ActiveCfg = Debug|Any CPU
		{038C6D9E-C789-4E6F-9FA3-444B36BCAF2A}.Release|Any CPU.ActiveCfg = Release|Any CPU
		{2FFCD0DA-4800-41FB-9881-8273DE37AA87}.Debug|Any CPU.ActiveCfg = Debug|Any CPU
		{2FFCD0DA-4800-41FB-9881-8273DE37AA87}.Release|Any CPU.ActiveCfg = Release|Any CPU
		{5C1A572D-CAE0-4F1D-AA3C-A0DF33407184}.Debug|Any CPU.ActiveCfg = Debug|Any CPU
		{5C1A572D-CAE0-4F1D-AA3C-A0DF33407184}.Release|Any CPU.ActiveCfg = Release|Any CPU
		{DFE9DC18-9418-4C5D-8AEF-7DFFD9EE6535}.Debug|Any CPU.ActiveCfg = Debug|Any CPU
		{DFE9DC18-9418-4C5D-8AEF-7DFFD9EE6535}.Release|Any CPU.ActiveCfg = Release|Any CPU
		{5FF47879-265A-423F-BB66-DAD58A3CF5D4}.Debug|Any CPU.ActiveCfg = Debug|Any CPU
		{5FF47879-265A-423F-BB66-DAD58A3CF5D4}.Release|Any CPU.ActiveCfg = Release|Any CPU
		{C28515DA-AC89-453E-8990-A3AAB9F03D91}.Debug|Any CPU.ActiveCfg = Debug|Any CPU
		{C28515DA-AC89-453E-8990-A3AAB9F03D91}.Release|Any CPU.ActiveCfg = Release|Any CPU
		{9A46DA8F-2B7D-4E4F-A7B6-40B3FAF4168A}.Debug|Any CPU.ActiveCfg = Debug|Any CPU
		{9A46DA8F-2B7D-4E4F-A7B6-40B3FAF4168A}.Release|Any CPU.ActiveCfg = Release|Any CPU
		{39A96A4C-E2ED-4F96-B46C-FFD246881228}.Debug|Any CPU.ActiveCfg = Debug|Any CPU
		{39A96A4C-E2ED-4F96-B46C-FFD246881228}.Release|Any CPU.ActiveCfg = Release|Any CPU
		{943BA7D9-0A56-4940-98F4-2EF011FF3CA1}.Debug|Any CPU.ActiveCfg = Debug|Any CPU
		{943BA7D9-0A56-4940-98F4-2EF011FF3CA1}.Release|Any CPU.ActiveCfg = Release|Any CPU
		{AFC9DCAF-287D-4311-9392-B24EFD8411E1}.Debug|Any CPU.ActiveCfg = Debug|Any CPU
		{AFC9DCAF-287D-4311-9392-B24EFD8411E1}.Release|Any CPU.ActiveCfg = Release|Any CPU
		{A8A23559-DA4C-4AE3-AE64-CAFCE761D65F}.Debug|Any CPU.ActiveCfg = Debug|Any CPU
		{A8A23559-DA4C-4AE3-AE64-CAFCE761D65F}.Release|Any CPU.ActiveCfg = Release|Any CPU
		{967FE52E-9FD6-4BA3-AD4D-4A90996B5EEC}.Debug|Any CPU.ActiveCfg = Debug|Any CPU
		{967FE52E-9FD6-4BA3-AD4D-4A90996B5EEC}.Release|Any CPU.ActiveCfg = Release|Any CPU
		{C2B39EC7-CFF0-433E-8CA2-2E7D4A90A35F}.Debug|Any CPU.ActiveCfg = Debug|Any CPU
		{C2B39EC7-CFF0-433E-8CA2-2E7D4A90A35F}.Release|Any CPU.ActiveCfg = Release|Any CPU
		{A54CCE90-B33A-4D35-B693-5A57CD9C2B1D}.Debug|Any CPU.ActiveCfg = Debug|Any CPU
		{A54CCE90-B33A-4D35-B693-5A57CD9C2B1D}.Release|Any CPU.ActiveCfg = Release|Any CPU
		{25E12EF5-66A9-4BC9-92E9-D99F0C54CCDB}.Debug|Any CPU.ActiveCfg = Debug|Any CPU
		{25E12EF5-66A9-4BC9-92E9-D99F0C54CCDB}.Release|Any CPU.ActiveCfg = Release|Any CPU
		{EEACAA10-1C96-4CB4-B5AA-11DF171E347E}.Debug|Any CPU.ActiveCfg = Debug|Any CPU
		{EEACAA10-1C96-4CB4-B5AA-11DF171E347E}.Release|Any CPU.ActiveCfg = Release|Any CPU
		{B304714D-DDD4-4E26-ABE8-B031A0427BA2}.Debug|Any CPU.ActiveCfg = Debug|Any CPU
		{B304714D-DDD4-4E26-ABE8-B031A0427BA2}.Release|Any CPU.ActiveCfg = Release|Any CPU
		{BCCD896C-7582-436A-B861-534DCDF968DC}.Debug|Any CPU.ActiveCfg = Debug|Any CPU
		{BCCD896C-7582-436A-B861-534DCDF968DC}.Release|Any CPU.ActiveCfg = Release|Any CPU
		{BF6B3A23-422B-4F63-8A9A-A19FD42C95F3}.Debug|Any CPU.ActiveCfg = Debug|Any CPU
		{BF6B3A23-422B-4F63-8A9A-A19FD42C95F3}.Release|Any CPU.ActiveCfg = Release|Any CPU
		{560059A0-18A0-40CC-AAE7-08FC1112D41F}.Debug|Any CPU.ActiveCfg = Debug|Any CPU
		{560059A0-18A0-40CC-AAE7-08FC1112D41F}.Release|Any CPU.ActiveCfg = Release|Any CPU
		{A0BC4985-6ACC-4EC4-A739-FF059A9BF6EC}.Debug|Any CPU.ActiveCfg = Debug|Any CPU
		{A0BC4985-6ACC-4EC4-A739-FF059A9BF6EC}.Release|Any CPU.ActiveCfg = Release|Any CPU
		{71DAE502-9C10-4B45-8848-6A3CF554B720}.Debug|Any CPU.ActiveCfg = Debug|Any CPU
		{71DAE502-9C10-4B45-8848-6A3CF554B720}.Release|Any CPU.ActiveCfg = Release|Any CPU
		{4BBA66DF-1140-44D5-ACE3-34ACEABA166B}.Debug|Any CPU.ActiveCfg = Debug|Any CPU
		{4BBA66DF-1140-44D5-ACE3-34ACEABA166B}.Release|Any CPU.ActiveCfg = Release|Any CPU
		{17EEF286-D816-4026-9F24-5A58EFEAD2E5}.Debug|Any CPU.ActiveCfg = Debug|Any CPU
		{17EEF286-D816-4026-9F24-5A58EFEAD2E5}.Release|Any CPU.ActiveCfg = Release|Any CPU
		{908A0466-FBC0-4A4A-BCC8-2FADC4D276C0}.Debug|Any CPU.ActiveCfg = Debug|Any CPU
		{908A0466-FBC0-4A4A-BCC8-2FADC4D276C0}.Release|Any CPU.ActiveCfg = Release|Any CPU
		{ABC227CC-29C2-4F4D-AB12-93A903A457A5}.Debug|Any CPU.ActiveCfg = Debug|Any CPU
		{ABC227CC-29C2-4F4D-AB12-93A903A457A5}.Release|Any CPU.ActiveCfg = Release|Any CPU
		{8FAD8E4D-CEA4-46E9-8623-AA973F7BB732}.Debug|Any CPU.ActiveCfg = Debug|Any CPU
		{8FAD8E4D-CEA4-46E9-8623-AA973F7BB732}.Release|Any CPU.ActiveCfg = Release|Any CPU
		{81EAF766-AE6E-4BA3-991E-9B8EDE3F9557}.Debug|Any CPU.ActiveCfg = Debug|Any CPU
		{81EAF766-AE6E-4BA3-991E-9B8EDE3F9557}.Release|Any CPU.ActiveCfg = Release|Any CPU
		{5C149A3C-915F-4B16-91D3-6D69E6F4B004}.Debug|Any CPU.ActiveCfg = Debug|Any CPU
		{5C149A3C-915F-4B16-91D3-6D69E6F4B004}.Release|Any CPU.ActiveCfg = Release|Any CPU
		{D07D2D2D-FCC7-489E-B833-6F4E7AA5F076}.Debug|Any CPU.ActiveCfg = Debug|Any CPU
		{D07D2D2D-FCC7-489E-B833-6F4E7AA5F076}.Release|Any CPU.ActiveCfg = Release|Any CPU
		{8651A127-94C9-44F3-8C07-5E27D7B12536}.Debug|Any CPU.ActiveCfg = Debug|Any CPU
		{8651A127-94C9-44F3-8C07-5E27D7B12536}.Release|Any CPU.ActiveCfg = Release|Any CPU
		{DD7BD345-26FD-4F69-9CA3-8B3ED5BB163D}.Debug|Any CPU.ActiveCfg = Debug|Any CPU
		{DD7BD345-26FD-4F69-9CA3-8B3ED5BB163D}.Release|Any CPU.ActiveCfg = Release|Any CPU
		{ACA405DB-9C6E-4875-8DBD-6DEA83ECDD2E}.Debug|Any CPU.ActiveCfg = Debug|Any CPU
		{ACA405DB-9C6E-4875-8DBD-6DEA83ECDD2E}.Release|Any CPU.ActiveCfg = Release|Any CPU
		{36752544-AF73-4EC4-9BD7-3CF1F69C7B08}.Debug|Any CPU.ActiveCfg = Debug|Any CPU
		{36752544-AF73-4EC4-9BD7-3CF1F69C7B08}.Release|Any CPU.ActiveCfg = Release|Any CPU
		{D26F5AB4-B72D-4342-89ED-70BFB0ACF8A3}.Debug|Any CPU.ActiveCfg = Debug|Any CPU
		{D26F5AB4-B72D-4342-89ED-70BFB0ACF8A3}.Release|Any CPU.ActiveCfg = Release|Any CPU
		{24EA6C80-C07C-42B3-AFC8-57C3D156A89C}.Debug|Any CPU.ActiveCfg = Debug|Any CPU
		{24EA6C80-C07C-42B3-AFC8-57C3D156A89C}.Release|Any CPU.ActiveCfg = Release|Any CPU
		{75ED86EB-8C13-4EF5-8A7A-69E7A027148E}.Debug|Any CPU.ActiveCfg = Debug|Any CPU
		{75ED86EB-8C13-4EF5-8A7A-69E7A027148E}.Release|Any CPU.ActiveCfg = Release|Any CPU
		{A0DE2BAF-852E-4EA9-ABAF-F9AD2F83ADCF}.Debug|Any CPU.ActiveCfg = Debug|Any CPU
		{A0DE2BAF-852E-4EA9-ABAF-F9AD2F83ADCF}.Release|Any CPU.ActiveCfg = Release|Any CPU
		{95216DF8-2071-4B59-8755-D447E2CF8F05}.Debug|Any CPU.ActiveCfg = Debug|Any CPU
		{95216DF8-2071-4B59-8755-D447E2CF8F05}.Release|Any CPU.ActiveCfg = Release|Any CPU
		{6C1CCD69-B6CF-41F2-A663-A4B72B995594}.Debug|Any CPU.ActiveCfg = Debug|Any CPU
		{6C1CCD69-B6CF-41F2-A663-A4B72B995594}.Release|Any CPU.ActiveCfg = Release|Any CPU
		{8451DFB8-8D2D-4E07-8B56-80B17A5AB5C4}.Debug|Any CPU.ActiveCfg = Debug|Any CPU
		{8451DFB8-8D2D-4E07-8B56-80B17A5AB5C4}.Release|Any CPU.ActiveCfg = Release|Any CPU
		{22B9A35F-5C6E-4D52-84B6-FC1EA7DA2AAF}.Debug|Any CPU.ActiveCfg = Debug|Any CPU
		{22B9A35F-5C6E-4D52-84B6-FC1EA7DA2AAF}.Release|Any CPU.ActiveCfg = Release|Any CPU
		{4F8BCA1F-A655-4F38-8784-C70F9CFB34F2}.Debug|Any CPU.ActiveCfg = Debug|Any CPU
		{4F8BCA1F-A655-4F38-8784-C70F9CFB34F2}.Release|Any CPU.ActiveCfg = Release|Any CPU
	EndGlobalSection
	GlobalSection(SolutionProperties) = preSolution
		HideSolutionNode = FALSE
	EndGlobalSection
	GlobalSection(NestedProjects) = preSolution
		{24270C5A-C1AE-42FC-851E-13B703D8F4DE} = {5B2DD930-F4CB-4ECF-B5B0-179268CBD248}
		{5EF591D0-37DB-431E-B8E7-1D4C91CFF140} = {5B2DD930-F4CB-4ECF-B5B0-179268CBD248}
		{83038E5E-4DDD-49DE-9FBF-0C975B385EA4} = {5B2DD930-F4CB-4ECF-B5B0-179268CBD248}
		{708AC033-5F69-4F6E-9351-AAD11C09113B} = {5B2DD930-F4CB-4ECF-B5B0-179268CBD248}
		{CC0FC696-F0D0-401A-A32C-E347ACAAF886} = {78EAF38D-DD52-495F-B8EA-026641F79F15}
		{8E68D3DE-BCB4-42A6-96AC-1DCD0128675F} = {78EAF38D-DD52-495F-B8EA-026641F79F15}
		{947BA5DD-1535-4DC5-AC4A-B16EE180AF81} = {78EAF38D-DD52-495F-B8EA-026641F79F15}
		{1534D871-994E-479A-927F-0BB1F1C4E787} = {78EAF38D-DD52-495F-B8EA-026641F79F15}
		{ABD4D101-0242-4E53-8A36-D661DF8336E1} = {5EAE29FA-E7FE-4E45-A6EF-F746339244BB}
		{80068911-B48A-4021-98D0-62D6E0DAEF69} = {5EAE29FA-E7FE-4E45-A6EF-F746339244BB}
		{AD79098A-A1F9-448F-B16C-46C184143DC3} = {AB314667-B5BC-4175-A543-B24932C2E572}
		{49E9F1E2-BEA4-49D1-81EC-EA0B2CA485C1} = {AB314667-B5BC-4175-A543-B24932C2E572}
		{F641EB65-AAD9-413F-903D-C60FAB50EB84} = {AB314667-B5BC-4175-A543-B24932C2E572}
		{CD19D29C-1E3C-46CA-8186-55C75CCD0069} = {AB314667-B5BC-4175-A543-B24932C2E572}
		{F5940CFD-DD6F-4FDF-B4DC-A4CA9DED5AE1} = {AB314667-B5BC-4175-A543-B24932C2E572}
		{68497F3E-C85C-47A2-AE7E-D1E1C33A52AC} = {75985EC8-D579-4D3A-BCE6-5ABEF7120BAD}
		{25C3827B-CE60-46CD-BD4D-AA5416CA5CB5} = {AB314667-B5BC-4175-A543-B24932C2E572}
		{EAB1F53D-D3B0-46ED-B788-21DABF30C18E} = {AB314667-B5BC-4175-A543-B24932C2E572}
		{4D1A376C-FF7C-4A22-8E1B-FFEC4E31D052} = {01F48D4E-9CF7-482C-BB9D-7B45689F5F03}
		{FD8D51EC-CD0E-40D6-A43C-80A30B3ADEF8} = {4ACB43F5-B90D-4C1E-A09F-133005947BF9}
		{3D311A4A-EC09-4B0E-8455-D78C3D95D4CA} = {B039E721-2E78-4028-81CA-0B1A928C9F9A}
		{ACD3A4F5-EA43-4A68-B982-4B27E65BEB42} = {38BCCAE6-27A8-4857-BBE0-649BC4693388}
		{29AB14DC-86C4-40E2-AEE6-A93DA0B78566} = {AB314667-B5BC-4175-A543-B24932C2E572}
		{5711F2C4-F4AB-4BDD-8B71-333D4C5648D7} = {AB314667-B5BC-4175-A543-B24932C2E572}
		{FA415B34-6CE1-45C6-A0E6-34E9F04E0A87} = {38BCCAE6-27A8-4857-BBE0-649BC4693388}
		{6673B9FD-D84F-4DB9-97CA-1A0757DA02BE} = {38BCCAE6-27A8-4857-BBE0-649BC4693388}
		{2F8DE99F-3F4D-4F79-BBDF-C79099F107DB} = {7E22C5F2-691C-430F-9AB9-63235218A521}
		{69B26A49-36F4-4610-8324-423F59CC9C6D} = {7E22C5F2-691C-430F-9AB9-63235218A521}
		{23B205F5-4D78-44AF-B33B-0E1A80974A2C} = {38BCCAE6-27A8-4857-BBE0-649BC4693388}
		{C74FA0EB-7814-4BD8-8D3F-D64FC83444D3} = {01F48D4E-9CF7-482C-BB9D-7B45689F5F03}
		{F8B9E452-9EA8-40C5-B84D-727B611C030B} = {01F48D4E-9CF7-482C-BB9D-7B45689F5F03}
		{8131B5BC-7E2D-48AB-A3FB-48DD99904D34} = {38BCCAE6-27A8-4857-BBE0-649BC4693388}
		{958D8E4D-DE47-4E68-B9FC-2F43CF7B42AA} = {38BCCAE6-27A8-4857-BBE0-649BC4693388}
		{5F35F144-0CB6-4FCB-8D9F-ECEE67F9FFFE} = {01F48D4E-9CF7-482C-BB9D-7B45689F5F03}
		{D77BD719-A06D-4B7C-A530-F83AF9C084D8} = {5C8BCF76-51CC-4E31-A16D-D2F045A7BEC6}
		{981F7F41-5149-4EAF-8FB0-D8972A1C9FCA} = {5C8BCF76-51CC-4E31-A16D-D2F045A7BEC6}
		{FC61F0B8-BDDF-4714-A75C-B3571D8C9D92} = {5C8BCF76-51CC-4E31-A16D-D2F045A7BEC6}
		{BCC026BC-F5FE-4C92-92E8-ABE4A349FA7F} = {5C8BCF76-51CC-4E31-A16D-D2F045A7BEC6}
		{10B7F71C-20D3-4FD4-91C4-37C332EC4410} = {5C8BCF76-51CC-4E31-A16D-D2F045A7BEC6}
		{038C6D9E-C789-4E6F-9FA3-444B36BCAF2A} = {417DCCF4-78A7-48DE-8672-BE21EF238236}
		{2FFCD0DA-4800-41FB-9881-8273DE37AA87} = {417DCCF4-78A7-48DE-8672-BE21EF238236}
		{DFE9DC18-9418-4C5D-8AEF-7DFFD9EE6535} = {0F4DB764-0D2C-49B1-9BC6-C5CCD5A681D9}
		{5FF47879-265A-423F-BB66-DAD58A3CF5D4} = {5C8BCF76-51CC-4E31-A16D-D2F045A7BEC6}
		{C28515DA-AC89-453E-8990-A3AAB9F03D91} = {23F59BD4-DE06-4C70-A8F3-6165F9D3741E}
		{9A46DA8F-2B7D-4E4F-A7B6-40B3FAF4168A} = {23F59BD4-DE06-4C70-A8F3-6165F9D3741E}
		{39A96A4C-E2ED-4F96-B46C-FFD246881228} = {3777C287-09DC-4D50-A57A-8B93AF88C489}
		{943BA7D9-0A56-4940-98F4-2EF011FF3CA1} = {C411FB7F-3A39-423C-AC0C-83D8143FEEAF}
		{AFC9DCAF-287D-4311-9392-B24EFD8411E1} = {C411FB7F-3A39-423C-AC0C-83D8143FEEAF}
		{A8A23559-DA4C-4AE3-AE64-CAFCE761D65F} = {C411FB7F-3A39-423C-AC0C-83D8143FEEAF}
		{967FE52E-9FD6-4BA3-AD4D-4A90996B5EEC} = {350C6B30-0946-46DE-B29E-D62E6BF8DAE8}
		{C2B39EC7-CFF0-433E-8CA2-2E7D4A90A35F} = {570BBE73-515F-40B1-A8F0-D5B78DA66C66}
		{A54CCE90-B33A-4D35-B693-5A57CD9C2B1D} = {C411FB7F-3A39-423C-AC0C-83D8143FEEAF}
		{950E55FF-262D-41D8-9DE1-2DE2EA88F853} = {3777C287-09DC-4D50-A57A-8B93AF88C489}
		{25E12EF5-66A9-4BC9-92E9-D99F0C54CCDB} = {950E55FF-262D-41D8-9DE1-2DE2EA88F853}
		{EEACAA10-1C96-4CB4-B5AA-11DF171E347E} = {950E55FF-262D-41D8-9DE1-2DE2EA88F853}
		{B304714D-DDD4-4E26-ABE8-B031A0427BA2} = {03BB36ED-C743-4AC4-978D-2C3837123035}
		{BCCD896C-7582-436A-B861-534DCDF968DC} = {03BB36ED-C743-4AC4-978D-2C3837123035}
		{BF6B3A23-422B-4F63-8A9A-A19FD42C95F3} = {03BB36ED-C743-4AC4-978D-2C3837123035}
		{560059A0-18A0-40CC-AAE7-08FC1112D41F} = {03BB36ED-C743-4AC4-978D-2C3837123035}
		{A0BC4985-6ACC-4EC4-A739-FF059A9BF6EC} = {03BB36ED-C743-4AC4-978D-2C3837123035}
		{71DAE502-9C10-4B45-8848-6A3CF554B720} = {03BB36ED-C743-4AC4-978D-2C3837123035}
		{4BBA66DF-1140-44D5-ACE3-34ACEABA166B} = {03BB36ED-C743-4AC4-978D-2C3837123035}
		{17EEF286-D816-4026-9F24-5A58EFEAD2E5} = {03BB36ED-C743-4AC4-978D-2C3837123035}
		{908A0466-FBC0-4A4A-BCC8-2FADC4D276C0} = {A12830B3-2159-40B1-BFA4-4BF80EB00B17}
		{ABC227CC-29C2-4F4D-AB12-93A903A457A5} = {A12830B3-2159-40B1-BFA4-4BF80EB00B17}
		{8FAD8E4D-CEA4-46E9-8623-AA973F7BB732} = {A12830B3-2159-40B1-BFA4-4BF80EB00B17}
		{81EAF766-AE6E-4BA3-991E-9B8EDE3F9557} = {A12830B3-2159-40B1-BFA4-4BF80EB00B17}
		{5C149A3C-915F-4B16-91D3-6D69E6F4B004} = {03DC0473-DE27-496F-96A5-1AB777010618}
		{D07D2D2D-FCC7-489E-B833-6F4E7AA5F076} = {9A842B25-B61B-4172-A0F1-9C06B4978EE8}
		{8651A127-94C9-44F3-8C07-5E27D7B12536} = {9A842B25-B61B-4172-A0F1-9C06B4978EE8}
		{DD7BD345-26FD-4F69-9CA3-8B3ED5BB163D} = {4053E98D-5E1C-4CBB-98BC-945EA6D9CA6C}
		{ACA405DB-9C6E-4875-8DBD-6DEA83ECDD2E} = {9A842B25-B61B-4172-A0F1-9C06B4978EE8}
		{36752544-AF73-4EC4-9BD7-3CF1F69C7B08} = {9A842B25-B61B-4172-A0F1-9C06B4978EE8}
		{D26F5AB4-B72D-4342-89ED-70BFB0ACF8A3} = {9A842B25-B61B-4172-A0F1-9C06B4978EE8}
		{24EA6C80-C07C-42B3-AFC8-57C3D156A89C} = {F1070866-551C-4306-BD7D-714D05122599}
		{75ED86EB-8C13-4EF5-8A7A-69E7A027148E} = {F1070866-551C-4306-BD7D-714D05122599}
		{A0DE2BAF-852E-4EA9-ABAF-F9AD2F83ADCF} = {F1070866-551C-4306-BD7D-714D05122599}
		{95216DF8-2071-4B59-8755-D447E2CF8F05} = {9A842B25-B61B-4172-A0F1-9C06B4978EE8}
		{6C1CCD69-B6CF-41F2-A663-A4B72B995594} = {7547AFBD-1C4F-44A8-8FE9-158D72BD0B6E}
		{8451DFB8-8D2D-4E07-8B56-80B17A5AB5C4} = {7547AFBD-1C4F-44A8-8FE9-158D72BD0B6E}
		{22B9A35F-5C6E-4D52-84B6-FC1EA7DA2AAF} = {4AB956E4-00AD-412A-952F-B5EB89766F7B}
		{4F8BCA1F-A655-4F38-8784-C70F9CFB34F2} = {7547AFBD-1C4F-44A8-8FE9-158D72BD0B6E}
	EndGlobalSection
	GlobalSection(ExtensibilityGlobals) = postSolution
		SolutionGuid = {71B735D9-ECE6-4E65-B778-7165115AA74D}
	EndGlobalSection
EndGlobal
